
Microsoft Visual Studio Solution File, Format Version 12.00
# Visual Studio 2013
VisualStudioVersion = 12.0.21005.1
MinimumVisualStudioVersion = 10.0.40219.1
Project("{FAE04EC0-301F-11D3-BF4B-00C04F79EFBC}") = "Happy.Hims", "Happy.Hims\Happy.Hims.csproj", "{51F46965-DA35-4277-88F5-1AF0F7A7CF6E}"
EndProject
Project("{2150E333-8FDC-42A3-9474-1A3956D46DE8}") = ".nuget", ".nuget", "{01144465-FE9B-48D2-8D90-B81AF5DDC5BF}"
	ProjectSection(SolutionItems) = preProject
		.nuget\NuGet.Config = .nuget\NuGet.Config
		.nuget\NuGet.exe = .nuget\NuGet.exe
		.nuget\NuGet.targets = .nuget\NuGet.targets
	EndProjectSection
EndProject
Project("{FAE04EC0-301F-11D3-BF4B-00C04F79EFBC}") = "Happy.Dac", "Happy.Dac\Happy.Dac.csproj", "{F7C719B5-5864-4C02-A61F-8AC56870CBEC}"
EndProject
Project("{FAE04EC0-301F-11D3-BF4B-00C04F79EFBC}") = "Happy.Utility", "Happy.Utility\Happy.Utility.csproj", "{EB9DCA22-2D42-4446-866E-3B991D5859A5}"
EndProject
Project("{FAE04EC0-301F-11D3-BF4B-00C04F79EFBC}") = "Happy.Models", "Happy.Models\Happy.Models.csproj", "{6FE0009A-2A46-4274-A4C6-82D6CB94CF0A}"
EndProject
Global
	GlobalSection(SolutionConfigurationPlatforms) = preSolution
		Debug|Any CPU = Debug|Any CPU
		Release|Any CPU = Release|Any CPU
	EndGlobalSection
	GlobalSection(ProjectConfigurationPlatforms) = postSolution
		{51F46965-DA35-4277-88F5-1AF0F7A7CF6E}.Debug|Any CPU.ActiveCfg = Debug|Any CPU
		{51F46965-DA35-4277-88F5-1AF0F7A7CF6E}.Debug|Any CPU.Build.0 = Debug|Any CPU
		{51F46965-DA35-4277-88F5-1AF0F7A7CF6E}.Release|Any CPU.ActiveCfg = Release|Any CPU
		{51F46965-DA35-4277-88F5-1AF0F7A7CF6E}.Release|Any CPU.Build.0 = Release|Any CPU
		{F7C719B5-5864-4C02-A61F-8AC56870CBEC}.Debug|Any CPU.ActiveCfg = Debug|Any CPU
		{F7C719B5-5864-4C02-A61F-8AC56870CBEC}.Debug|Any CPU.Build.0 = Debug|Any CPU
		{F7C719B5-5864-4C02-A61F-8AC56870CBEC}.Release|Any CPU.ActiveCfg = Release|Any CPU
		{F7C719B5-5864-4C02-A61F-8AC56870CBEC}.Release|Any CPU.Build.0 = Release|Any CPU
		{EB9DCA22-2D42-4446-866E-3B991D5859A5}.Debug|Any CPU.ActiveCfg = Debug|Any CPU
		{EB9DCA22-2D42-4446-866E-3B991D5859A5}.Debug|Any CPU.Build.0 = Debug|Any CPU
		{EB9DCA22-2D42-4446-866E-3B991D5859A5}.Release|Any CPU.ActiveCfg = Release|Any CPU
		{EB9DCA22-2D42-4446-866E-3B991D5859A5}.Release|Any CPU.Build.0 = Release|Any CPU
		{6FE0009A-2A46-4274-A4C6-82D6CB94CF0A}.Debug|Any CPU.ActiveCfg = Debug|Any CPU
		{6FE0009A-2A46-4274-A4C6-82D6CB94CF0A}.Debug|Any CPU.Build.0 = Debug|Any CPU
		{6FE0009A-2A46-4274-A4C6-82D6CB94CF0A}.Release|Any CPU.ActiveCfg = Release|Any CPU
		{6FE0009A-2A46-4274-A4C6-82D6CB94CF0A}.Release|Any CPU.Build.0 = Release|Any CPU
	EndGlobalSection
	GlobalSection(SolutionProperties) = preSolution
		HideSolutionNode = FALSE
	EndGlobalSection
EndGlobal
